# This file is automatically @generated by Cargo.
# It is not intended for manual editing.
version = 4

[[package]]
name = "synonz"
version = "0.1.0"

[[package]]
name = "synonz-anthropic"
version = "0.1.0"

[[package]]
name = "synonz-derive"
version = "0.1.0"

[[package]]
name = "synonz-mcp"
version = "0.1.0"

[[package]]
name = "synonz-openai"
version = "0.1.0"
